# THIS IS AN AUTOGENERATED FILE. DO NOT EDIT THIS FILE DIRECTLY.
# yarn lockfile v1


"@bower_components/app-layout@PolymerElements/app-layout#^0.10.0":
  version "0.0.0"
  resolved "https://codeload.github.com/PolymerElements/app-layout/tar.gz/a28a9ac9e5937ac1bab83939f00256d232c91b65"

"@bower_components/codelab-components@googlecodelabs/codelab-components#^2.0.2", codelab-components@googlecodelabs/codelab-components#^2.0.2:
  version "0.0.0"
  resolved "https://codeload.github.com/googlecodelabs/codelab-components/tar.gz/0b8dcb6458290d02e6ff9cdc0430d9c03973bbf3"

"@bower_components/font-roboto@PolymerElements/font-roboto#^1.0.1":
  version "1.0.1"
  resolved "https://codeload.github.com/PolymerElements/font-roboto/tar.gz/014b084ae51314648053e792cf6c870946942953"

"@bower_components/google-prettify@google/code-prettify#*":
  version "1.0.0"
  resolved "https://codeload.github.com/google/code-prettify/tar.gz/05ad1b76f8af1232da963c17bad144107b07e59a"

"@bower_components/iron-a11y-keys-behavior@PolymerElements/iron-a11y-keys-behavior#^1.0.5":
  version "0.0.0"
  resolved "https://codeload.github.com/PolymerElements/iron-a11y-keys-behavior/tar.gz/26243e0f8687b8ea3d95eed3cefb7661a388dbce"

"@bower_components/iron-behaviors@polymerelements/iron-behaviors#^1.0.0":
  version "0.0.0"
  resolved "https://codeload.github.com/polymerelements/iron-behaviors/tar.gz/7c07f18d747aee2c31330511ae8f780554ff98d8"

"@bower_components/iron-checked-element-behavior@PolymerElements/iron-checked-element-behavior#^1.0.0":
  version "0.0.0"
  resolved "https://codeload.github.com/PolymerElements/iron-checked-element-behavior/tar.gz/be5295d0548b66966462c67bef3727b0529c658b"

"@bower_components/iron-collapse@PolymerElements/iron-collapse#^1.0.0":
  version "0.0.0"
  resolved "https://codeload.github.com/PolymerElements/iron-collapse/tar.gz/a6a66288669d59202b23125b70de3d4d91bd528e"

"@bower_components/iron-fit-behavior@PolymerElements/iron-fit-behavior#^1.0.0":
  version "0.0.0"
  resolved "https://codeload.github.com/PolymerElements/iron-fit-behavior/tar.gz/c4b8a39c910da28ca8846fe960c244ce2f64f7be"

"@bower_components/iron-flex-layout@PolymerElements/iron-flex-layout#^1.0.3":
  version "0.0.0"
  resolved "https://codeload.github.com/PolymerElements/iron-flex-layout/tar.gz/f5a62ee975ef755d6fe47ccd9682b6a691e5c352"

"@bower_components/iron-form-element-behavior@PolymerElements/iron-form-element-behavior#^1.0.0":
  version "0.0.0"
  resolved "https://codeload.github.com/PolymerElements/iron-form-element-behavior/tar.gz/1ff8e3da05ef1497eb11866121470f8c65035748"

"@bower_components/iron-icon@polymerelements/iron-icon#^1.0.0":
  version "0.0.0"
  resolved "https://codeload.github.com/polymerelements/iron-icon/tar.gz/4ea0cab59cb2bdfd537e72c9cfbd4af099acb5c9"

"@bower_components/iron-icons@PolymerElements/iron-icons#^1.0.3":
  version "0.0.0"
  resolved "https://codeload.github.com/PolymerElements/iron-icons/tar.gz/25b360efd0e751390e1916f012b8e769de0a1353"

"@bower_components/iron-iconset-svg@polymerelements/iron-iconset-svg#^1.0.0":
  version "0.0.0"
  resolved "https://codeload.github.com/polymerelements/iron-iconset-svg/tar.gz/9647bdd1d15ad63b6cbe44cd128e43192bfe94c8"

"@bower_components/iron-localstorage@PolymerElements/iron-localstorage#^1.0.4":
  version "0.0.0"
  resolved "https://codeload.github.com/PolymerElements/iron-localstorage/tar.gz/0888fcae201558c70dc5027774b772aed3ca1d0e"

"@bower_components/iron-media-query@PolymerElements/iron-media-query#^1.0.0":
  version "0.0.0"
  resolved "https://codeload.github.com/PolymerElements/iron-media-query/tar.gz/3f916be171af7a3e03eb019acdfea71055d3c744"

"@bower_components/iron-menu-behavior@PolymerElements/iron-menu-behavior#^1.1.7":
  version "0.0.0"
  resolved "https://codeload.github.com/PolymerElements/iron-menu-behavior/tar.gz/e5222093effd1637d6f2453005cf18a2e31552f7"

"@bower_components/iron-meta@PolymerElements/iron-meta#^1.0.0":
  version "0.0.0"
  resolved "https://codeload.github.com/PolymerElements/iron-meta/tar.gz/ec0afd727a0af36509264a78b691484123dc7bf6"

"@bower_components/iron-overlay-behavior@PolymerElements/iron-overlay-behavior#^1.7.0":
  version "0.0.0"
  resolved "https://codeload.github.com/PolymerElements/iron-overlay-behavior/tar.gz/67713dbb5a65f18ae4ee01407e7264cc286cabca"

"@bower_components/iron-resizable-behavior@PolymerElements/iron-resizable-behavior#^1.0.0":
  version "0.0.0"
  resolved "https://codeload.github.com/PolymerElements/iron-resizable-behavior/tar.gz/13969b17cc06675e5887f6957b202cda7bfb9524"

"@bower_components/iron-scroll-target-behavior@PolymerElements/iron-scroll-target-behavior#^1.0.0":
  version "0.0.0"
  resolved "https://codeload.github.com/PolymerElements/iron-scroll-target-behavior/tar.gz/a08739aeca0de04da78abd9a85e93f008c89d62d"

"@bower_components/iron-selector@PolymerElements/iron-selector#^1.0.0":
  version "0.0.0"
  resolved "https://codeload.github.com/PolymerElements/iron-selector/tar.gz/6486761a670829e2c34625abed0b773b6d9230d6"

"@bower_components/iron-validatable-behavior@PolymerElements/iron-validatable-behavior#^1.0.0":
  version "0.0.0"
  resolved "https://codeload.github.com/PolymerElements/iron-validatable-behavior/tar.gz/f5d85f8dea62d13176b14a4a25c206feb18432c5"

"@bower_components/neon-animation@PolymerElements/neon-animation#^1.2.2":
  version "0.0.0"
  resolved "https://codeload.github.com/PolymerElements/neon-animation/tar.gz/9af00bc65118e0806cdfa5a5e1ea5fb155147016"

"@bower_components/paper-behaviors@PolymerElements/paper-behaviors#^1.0.0":
  version "0.0.0"
  resolved "https://codeload.github.com/PolymerElements/paper-behaviors/tar.gz/eb329350960beb6612088bb588f4f3cfeeafd270"

"@bower_components/paper-button@PolymerElements/paper-button#^1.0.3":
  version "2.0.0"
  resolved "https://codeload.github.com/PolymerElements/paper-button/tar.gz/804937a43980511e232c44a134ed4fb8d71917ef"

"@bower_components/paper-dialog-behavior@PolymerElements/paper-dialog-behavior#^1.0.0":
  version "0.0.0"
  resolved "https://codeload.github.com/PolymerElements/paper-dialog-behavior/tar.gz/89f4269be54796eafbf49996a9bb1d76e39b38b7"

"@bower_components/paper-dialog@PolymerElements/paper-dialog#^1.0.1":
  version "0.0.0"
  resolved "https://codeload.github.com/PolymerElements/paper-dialog/tar.gz/7f31fa918fbd562b516eb262f1ed527dcaf7b7c0"

"@bower_components/paper-fab@PolymerElements/paper-fab#^1.0.3":
  version "0.0.0"
  resolved "https://codeload.github.com/PolymerElements/paper-fab/tar.gz/064cfb43ea7d38c1a28df45dfef8f564857d8c6b"

"@bower_components/paper-icon-button@PolymerElements/paper-icon-button#^1.0.3":
  version "0.0.0"
  resolved "https://codeload.github.com/PolymerElements/paper-icon-button/tar.gz/22fd17e262f5e1dd543f67cb4b7fee6ad94c759c"

"@bower_components/paper-item@PolymerElements/paper-item#^1.0.2":
  version "0.0.0"
  resolved "https://codeload.github.com/PolymerElements/paper-item/tar.gz/d8277ec6bea4a1b1b718737d0e9391f72d278128"

"@bower_components/paper-material@PolymerElements/paper-material#^1.0.5":
  version "0.0.0"
  resolved "https://codeload.github.com/PolymerElements/paper-material/tar.gz/a125df4f0720b375593b0f2e0174373620f24cde"

"@bower_components/paper-menu@PolymerElements/paper-menu#^1.1.0":
  version "0.0.0"
  resolved "https://codeload.github.com/PolymerElements/paper-menu/tar.gz/7ca8ebfbdcca22fc98e5115c0ed72bf9d05848fe"

"@bower_components/paper-radio-button@PolymerElements/paper-radio-button#^1.0.6":
  version "0.0.0"
  resolved "https://codeload.github.com/PolymerElements/paper-radio-button/tar.gz/853490b37537ed1675e14c3f68a40db0be45fe9a"

"@bower_components/paper-radio-group@PolymerElements/paper-radio-group#^1.0.4":
  version "0.0.0"
  resolved "https://codeload.github.com/PolymerElements/paper-radio-group/tar.gz/1305bd0c7158a9d4675ccd7c93b75aa47f923678"

"@bower_components/paper-ripple@PolymerElements/paper-ripple#^1.0.0":
  version "0.0.0"
  resolved "https://codeload.github.com/PolymerElements/paper-ripple/tar.gz/6fef0ee16db4b7eec81f270efaf6b55b6ea53aa2"

"@bower_components/paper-styles@PolymerElements/paper-styles#^1.0.11":
  version "0.0.0"
  resolved "https://codeload.github.com/PolymerElements/paper-styles/tar.gz/1ed324102daa36458d153dd20eac80be9758b00e"

"@bower_components/polymer@Polymer/polymer#^1.5.0":
  version "0.0.0"
  resolved "https://codeload.github.com/Polymer/polymer/tar.gz/937021964c80c55ed3a2218d830b2520f8195d43"

"@bower_components/web-animations-js@web-animations/web-animations-js#^2.2.0":
  version "2.3.1"
  resolved "https://codeload.github.com/web-animations/web-animations-js/tar.gz/a2dddad1c210c8abe5bc1c5a5e126e9946d44252"

"@bower_components/webcomponentsjs@webcomponents/webcomponentsjs#^0.7.24":
  version "0.7.24"
  resolved "https://codeload.github.com/webcomponents/webcomponentsjs/tar.gz/8a2e40557b177e2cca0def2553f84c8269c8f93e"

default-passive-events@^1.0.7:
  version "1.0.7"
  resolved "https://registry.yarnpkg.com/default-passive-events/-/default-passive-events-1.0.7.tgz#5d8a568b5526771cf66c25755f36b35b7139c9a6"
